PODS:
  - Flutter (1.0.0)
  - flutter_apple_pay_oc (0.0.1):
    - Flutter

DEPENDENCIES:
  - Flutter (from `.symlinks/flutter/ios`)
  - flutter_apple_pay_oc (from `.symlinks/plugins/flutter_apple_pay_oc/ios`)

EXTERNAL SOURCES:
  Flutter:
    :path: ".symlinks/flutter/ios"
  flutter_apple_pay_oc:
    :path: ".symlinks/plugins/flutter_apple_pay_oc/ios"

SPEC CHECKSUMS:
  Flutter: 0e3d915762c693b495b44d77113d4970485de6ec
  flutter_apple_pay_oc: 2ff7b9f3856e5e1bc0d92aab1ab04302793c916e

PODFILE CHECKSUM: 7fb83752f59ead6285236625b82473f90b1cb932

COCOAPODS: 1.7.5
